
Microsoft Visual Studio Solution File, Format Version 12.00
# Visual Studio 15
VisualStudioVersion = 15.0.28307.271
MinimumVisualStudioVersion = 10.0.40219.1
Project("{FAE04EC0-301F-11D3-BF4B-00C04F79EFBC}") = "Sistema-Inventario-Web", "Sistema-Inventario-Web\Sistema-Inventario-Web.csproj", "{A6D958E0-2D39-4FC7-B0C4-349DDDAC96EE}"
EndProject
Project("{FAE04EC0-301F-11D3-BF4B-00C04F79EFBC}") = "Datos", "Datos\Datos.csproj", "{44C14C46-446E-45A0-88C1-DDDD836258F0}"
EndProject
Project("{FAE04EC0-301F-11D3-BF4B-00C04F79EFBC}") = "EnviarDatos", "EnviarDatos\EnviarDatos.csproj", "{693CFFF0-BC44-49E2-BB7B-61AC437EEA18}"
EndProject
Project("{FAE04EC0-301F-11D3-BF4B-00C04F79EFBC}") = "ModeloDatos", "ModeloDatos\ModeloDatos.csproj", "{6F18C4E4-D702-4855-A62F-92DF9C93F5B9}"
EndProject
Global
	GlobalSection(SolutionConfigurationPlatforms) = preSolution
		Debug|Any CPU = Debug|Any CPU
		Release|Any CPU = Release|Any CPU
	EndGlobalSection
	GlobalSection(ProjectConfigurationPlatforms) = postSolution
		{A6D958E0-2D39-4FC7-B0C4-349DDDAC96EE}.Debug|Any CPU.ActiveCfg = Debug|Any CPU
		{A6D958E0-2D39-4FC7-B0C4-349DDDAC96EE}.Debug|Any CPU.Build.0 = Debug|Any CPU
		{A6D958E0-2D39-4FC7-B0C4-349DDDAC96EE}.Release|Any CPU.ActiveCfg = Release|Any CPU
		{A6D958E0-2D39-4FC7-B0C4-349DDDAC96EE}.Release|Any CPU.Build.0 = Release|Any CPU
		{44C14C46-446E-45A0-88C1-DDDD836258F0}.Debug|Any CPU.ActiveCfg = Debug|Any CPU
		{44C14C46-446E-45A0-88C1-DDDD836258F0}.Debug|Any CPU.Build.0 = Debug|Any CPU
		{44C14C46-446E-45A0-88C1-DDDD836258F0}.Release|Any CPU.ActiveCfg = Release|Any CPU
		{44C14C46-446E-45A0-88C1-DDDD836258F0}.Release|Any CPU.Build.0 = Release|Any CPU
		{693CFFF0-BC44-49E2-BB7B-61AC437EEA18}.Debug|Any CPU.ActiveCfg = Debug|Any CPU
		{693CFFF0-BC44-49E2-BB7B-61AC437EEA18}.Debug|Any CPU.Build.0 = Debug|Any CPU
		{693CFFF0-BC44-49E2-BB7B-61AC437EEA18}.Release|Any CPU.ActiveCfg = Release|Any CPU
		{693CFFF0-BC44-49E2-BB7B-61AC437EEA18}.Release|Any CPU.Build.0 = Release|Any CPU
		{6F18C4E4-D702-4855-A62F-92DF9C93F5B9}.Debug|Any CPU.ActiveCfg = Debug|Any CPU
		{6F18C4E4-D702-4855-A62F-92DF9C93F5B9}.Debug|Any CPU.Build.0 = Debug|Any CPU
		{6F18C4E4-D702-4855-A62F-92DF9C93F5B9}.Release|Any CPU.ActiveCfg = Release|Any CPU
		{6F18C4E4-D702-4855-A62F-92DF9C93F5B9}.Release|Any CPU.Build.0 = Release|Any CPU
	EndGlobalSection
	GlobalSection(SolutionProperties) = preSolution
		HideSolutionNode = FALSE
	EndGlobalSection
	GlobalSection(ExtensibilityGlobals) = postSolution
		SolutionGuid = {7512E6D5-FBE2-41A2-84EF-54F0398CA71A}
	EndGlobalSection
EndGlobal
